// !$*UTF8*$!
{
	archiveVersion = 1;
	classes = {
	};
	objectVersion = 46;
	objects = {

/* Begin PBXBuildFile section */
		57356CAA1CAE015200A37815 /* main.m in Sources */ = {isa = PBXBuildFile; fileRef = 57356CA91CAE015200A37815 /* main.m */; };
		57356CAD1CAE015200A37815 /* AppDelegate.m in Sources */ = {isa = PBXBuildFile; fileRef = 57356CAC1CAE015200A37815 /* AppDelegate.m */; };
		57356CB51CAE015200A37815 /* Assets.xcassets in Resources */ = {isa = PBXBuildFile; fileRef = 57356CB41CAE015200A37815 /* Assets.xcassets */; };
		57356CB81CAE015200A37815 /* LaunchScreen.storyboard in Resources */ = {isa = PBXBuildFile; fileRef = 57356CB61CAE015200A37815 /* LaunchScreen.storyboard */; };
		57356CC31CAE015200A37815 /* customPresentTests.m in Sources */ = {isa = PBXBuildFile; fileRef = 57356CC21CAE015200A37815 /* customPresentTests.m */; };
		57356CCF1CAE018D00A37815 /* FromViewController.m in Sources */ = {isa = PBXBuildFile; fileRef = 57356CCE1CAE018D00A37815 /* FromViewController.m */; };
		57356CD21CAE019900A37815 /* ToViewController.m in Sources */ = {isa = PBXBuildFile; fileRef = 57356CD11CAE019900A37815 /* ToViewController.m */; };
		57356CD91CAE07B500A37815 /* DismissAnimation.m in Sources */ = {isa = PBXBuildFile; fileRef = 57356CD61CAE07B500A37815 /* DismissAnimation.m */; };
		57356CDA1CAE07B500A37815 /* PresentAnimation.m in Sources */ = {isa = PBXBuildFile; fileRef = 57356CD81CAE07B500A37815 /* PresentAnimation.m */; };
/* End PBXBuildFile section */

/* Begin PBXContainerItemProxy section */
		57356CBF1CAE015200A37815 /* PBXContainerItemProxy */ = {
			isa = PBXContainerItemProxy;
			containerPortal = 57356C9D1CAE015100A37815 /* Project object */;
			proxyType = 1;
			remoteGlobalIDString = 57356CA41CAE015100A37815;
			remoteInfo = customPresent;
		};
/* End PBXContainerItemProxy section */

/* Begin PBXFileReference section */
		57356CA51CAE015100A37815 /* customPresent.app */ = {isa = PBXFileReference; explicitFileType = wrapper.application; includeInIndex = 0; path = customPresent.app; sourceTree = BUILT_PRODUCTS_DIR; };
		57356CA91CAE015200A37815 /* main.m */ = {isa = PBXFileReference; lastKnownFileType = sourcecode.c.objc; path = main.m; sourceTree = "<group>"; };
		57356CAB1CAE015200A37815 /* AppDelegate.h */ = {isa = PBXFileReference; lastKnownFileType = sourcecode.c.h; path = AppDelegate.h; sourceTree = "<group>"; };
		57356CAC1CAE015200A37815 /* AppDelegate.m */ = {isa = PBXFileReference; lastKnownFileType = sourcecode.c.objc; path = AppDelegate.m; sourceTree = "<group>"; };
		57356CB41CAE015200A37815 /* Assets.xcassets */ = {isa = PBXFileReference; lastKnownFileType = folder.assetcatalog; path = Assets.xcassets; sourceTree = "<group>"; };
		57356CB71CAE015200A37815 /* Base */ = {isa = PBXFileReference; lastKnownFileType = file.storyboard; name = Base; path = Base.lproj/LaunchScreen.storyboard; sourceTree = "<group>"; };
		57356CB91CAE015200A37815 /* Info.plist */ = {isa = PBXFileReference; lastKnownFileType = text.plist.xml; path = Info.plist; sourceTree = "<group>"; };
		57356CBE1CAE015200A37815 /* customPresentTests.xctest */ = {isa = PBXFileReference; explicitFileType = wrapper.cfbundle; includeInIndex = 0; path = customPresentTests.xctest; sourceTree = BUILT_PRODUCTS_DIR; };
		57356CC21CAE015200A37815 /* customPresentTests.m */ = {isa = PBXFileReference; lastKnownFileType = sourcecode.c.objc; path = customPresentTests.m; sourceTree = "<group>"; };
		57356CC41CAE015200A37815 /* Info.plist */ = {isa = PBXFileReference; lastKnownFileType = text.plist.xml; path = Info.plist; sourceTree = "<group>"; };
		57356CCD1CAE018D00A37815 /* FromViewController.h */ = {isa = PBXFileReference; fileEncoding = 4; lastKnownFileType = sourcecode.c.h; path = FromViewController.h; sourceTree = "<group>"; };
		57356CCE1CAE018D00A37815 /* FromViewController.m */ = {isa = PBXFileReference; fileEncoding = 4; lastKnownFileType = sourcecode.c.objc; path = FromViewController.m; sourceTree = "<group>"; };
		57356CD01CAE019900A37815 /* ToViewController.h */ = {isa = PBXFileReference; fileEncoding = 4; lastKnownFileType = sourcecode.c.h; path = ToViewController.h; sourceTree = "<group>"; };
		57356CD11CAE019900A37815 /* ToViewController.m */ = {isa = PBXFileReference; fileEncoding = 4; lastKnownFileType = sourcecode.c.objc; path = ToViewController.m; sourceTree = "<group>"; };
		57356CD51CAE07B500A37815 /* DismissAnimation.h */ = {isa = PBXFileReference; fileEncoding = 4; lastKnownFileType = sourcecode.c.h; path = DismissAnimation.h; sourceTree = "<group>"; };
		57356CD61CAE07B500A37815 /* DismissAnimation.m */ = {isa = PBXFileReference; fileEncoding = 4; lastKnownFileType = sourcecode.c.objc; path = DismissAnimation.m; sourceTree = "<group>"; };
		57356CD71CAE07B500A37815 /* PresentAnimation.h */ = {isa = PBXFileReference; fileEncoding = 4; lastKnownFileType = sourcecode.c.h; path = PresentAnimation.h; sourceTree = "<group>"; };
		57356CD81CAE07B500A37815 /* PresentAnimation.m */ = {isa = PBXFileReference; fileEncoding = 4; lastKnownFileType = sourcecode.c.objc; path = PresentAnimation.m; sourceTree = "<group>"; };
/* End PBXFileReference section */

/* Begin PBXFrameworksBuildPhase section */
		57356CA21CAE015100A37815 /* Frameworks */ = {
			isa = PBXFrameworksBuildPhase;
			buildActionMask = 2147483647;
			files = (
			);
			runOnlyForDeploymentPostprocessing = 0;
		};
		57356CBB1CAE015200A37815 /* Frameworks */ = {
			isa = PBXFrameworksBuildPhase;
			buildActionMask = 2147483647;
			files = (
			);
			runOnlyForDeploymentPostprocessing = 0;
		};
/* End PBXFrameworksBuildPhase section */

/* Begin PBXGroup section */
		57356C9C1CAE015100A37815 = {
			isa = PBXGroup;
			children = (
				57356CA71CAE015200A37815 /* customPresent */,
				57356CC11CAE015200A37815 /* customPresentTests */,
				57356CA61CAE015100A37815 /* Products */,
			);
			sourceTree = "<group>";
		};
		57356CA61CAE015100A37815 /* Products */ = {
			isa = PBXGroup;
			children = (
				57356CA51CAE015100A37815 /* customPresent.app */,
				57356CBE1CAE015200A37815 /* customPresentTests.xctest */,
			);
			name = Products;
			sourceTree = "<group>";
		};
		57356CA71CAE015200A37815 /* customPresent */ = {
			isa = PBXGroup;
			children = (
				57356CAB1CAE015200A37815 /* AppDelegate.h */,
				57356CAC1CAE015200A37815 /* AppDelegate.m */,
				57356CCD1CAE018D00A37815 /* FromViewController.h */,
				57356CCE1CAE018D00A37815 /* FromViewController.m */,
				57356CD01CAE019900A37815 /* ToViewController.h */,
				57356CD11CAE019900A37815 /* ToViewController.m */,
				57356CD51CAE07B500A37815 /* DismissAnimation.h */,
				57356CD61CAE07B500A37815 /* DismissAnimation.m */,
				57356CD71CAE07B500A37815 /* PresentAnimation.h */,
				57356CD81CAE07B500A37815 /* PresentAnimation.m */,
				57356CB41CAE015200A37815 /* Assets.xcassets */,
				57356CB61CAE015200A37815 /* LaunchScreen.storyboard */,
				57356CB91CAE015200A37815 /* Info.plist */,
				57356CA81CAE015200A37815 /* Supporting Files */,
			);
			path = customPresent;
			sourceTree = "<group>";
		};
		57356CA81CAE015200A37815 /* Supporting Files */ = {
			isa = PBXGroup;
			children = (
				57356CA91CAE015200A37815 /* main.m */,
			);
			name = "Supporting Files";
			sourceTree = "<group>";
		};
		57356CC11CAE015200A37815 /* customPresentTests */ = {
			isa = PBXGroup;
			children = (
				57356CC21CAE015200A37815 /* customPresentTests.m */,
				57356CC41CAE015200A37815 /* Info.plist */,
			);
			path = customPresentTests;
			sourceTree = "<group>";
		};
/* End PBXGroup section */

/* Begin PBXNativeTarget section */
		57356CA41CAE015100A37815 /* customPresent */ = {
			isa = PBXNativeTarget;
			buildConfigurationList = 57356CC71CAE015200A37815 /* Build configuration list for PBXNativeTarget "customPresent" */;
			buildPhases = (
				57356CA11CAE015100A37815 /* Sources */,
				57356CA21CAE015100A37815 /* Frameworks */,
				57356CA31CAE015100A37815 /* Resources */,
			);
			buildRules = (
			);
			dependencies = (
			);
			name = customPresent;
			productName = customPresent;
			productReference = 57356CA51CAE015100A37815 /* customPresent.app */;
			productType = "com.apple.product-type.application";
		};
		57356CBD1CAE015200A37815 /* customPresentTests */ = {
			isa = PBXNativeTarget;
			buildConfigurationList = 57356CCA1CAE015200A37815 /* Build configuration list for PBXNativeTarget "customPresentTests" */;
			buildPhases = (
				57356CBA1CAE015200A37815 /* Sources */,
				57356CBB1CAE015200A37815 /* Frameworks */,
				57356CBC1CAE015200A37815 /* Resources */,
			);
			buildRules = (
			);
			dependencies = (
				57356CC01CAE015200A37815 /* PBXTargetDependency */,
			);
			name = customPresentTests;
			productName = customPresentTests;
			productReference = 57356CBE1CAE015200A37815 /* customPresentTests.xctest */;
			productType = "com.apple.product-type.bundle.unit-test";
		};
/* End PBXNativeTarget section */

/* Begin PBXProject section */
		57356C9D1CAE015100A37815 /* Project object */ = {
			isa = PBXProject;
			attributes = {
				LastUpgradeCheck = 0730;
				ORGANIZATIONNAME = Robert;
				TargetAttributes = {
					57356CA41CAE015100A37815 = {
						CreatedOnToolsVersion = 7.3;
					};
					57356CBD1CAE015200A37815 = {
						CreatedOnToolsVersion = 7.3;
						TestTargetID = 57356CA41CAE015100A37815;
					};
				};
			};
			buildConfigurationList = 57356CA01CAE015100A37815 /* Build configuration list for PBXProject "customPresent" */;
			compatibilityVersion = "Xcode 3.2";
			developmentRegion = English;
			hasScannedForEncodings = 0;
			knownRegions = (
				en,
				Base,
			);
			mainGroup = 57356C9C1CAE015100A37815;
			productRefGroup = 57356CA61CAE015100A37815 /* Products */;
			projectDirPath = "";
			projectRoot = "";
			targets = (
				57356CA41CAE015100A37815 /* customPresent */,
				57356CBD1CAE015200A37815 /* customPresentTests */,
			);
		};
/* End PBXProject section */

/* Begin PBXResourcesBuildPhase section */
		57356CA31CAE015100A37815 /* Resources */ = {
			isa = PBXResourcesBuildPhase;
			buildActionMask = 2147483647;
			files = (
				57356CB81CAE015200A37815 /* LaunchScreen.storyboard in Resources */,
				57356CB51CAE015200A37815 /* Assets.xcassets in Resources */,
			);
			runOnlyForDeploymentPostprocessing = 0;
		};
		57356CBC1CAE015200A37815 /* Resources */ = {
			isa = PBXResourcesBuildPhase;
			buildActionMask = 2147483647;
			files = (
			);
			runOnlyForDeploymentPostprocessing = 0;
		};
/* End PBXResourcesBuildPhase section */

/* Begin PBXSourcesBuildPhase section */
		57356CA11CAE015100A37815 /* Sources */ = {
			isa = PBXSourcesBuildPhase;
			buildActionMask = 2147483647;
			files = (
				57356CDA1CAE07B500A37815 /* PresentAnimation.m in Sources */,
				57356CCF1CAE018D00A37815 /* FromViewController.m in Sources */,
				57356CD91CAE07B500A37815 /* DismissAnimation.m in Sources */,
				57356CAD1CAE015200A37815 /* AppDelegate.m in Sources */,
				57356CAA1CAE015200A37815 /* main.m in Sources */,
				57356CD21CAE019900A37815 /* ToViewController.m in Sources */,
			);
			runOnlyForDeploymentPostprocessing = 0;
		};
		57356CBA1CAE015200A37815 /* Sources */ = {
			isa = PBXSourcesBuildPhase;
			buildActionMask = 2147483647;
			files = (
				57356CC31CAE015200A37815 /* customPresentTests.m in Sources */,
			);
			runOnlyForDeploymentPostprocessing = 0;
		};
/* End PBXSourcesBuildPhase section */

/* Begin PBXTargetDependency section */
		57356CC01CAE015200A37815 /* PBXTargetDependency */ = {
			isa = PBXTargetDependency;
			target = 57356CA41CAE015100A37815 /* customPresent */;
			targetProxy = 57356CBF1CAE015200A37815 /* PBXContainerItemProxy */;
		};
/* End PBXTargetDependency section */

/* Begin PBXVariantGroup section */
		57356CB61CAE015200A37815 /* LaunchScreen.storyboard */ = {
			isa = PBXVariantGroup;
			children = (
				57356CB71CAE015200A37815 /* Base */,
			);
			name = LaunchScreen.storyboard;
			sourceTree = "<group>";
		};
/* End PBXVariantGroup section */

/* Begin XCBuildConfiguration section */
		57356CC51CAE015200A37815 /* Debug */ = {
			isa = XCBuildConfiguration;
			buildSettings = {
				ALWAYS_SEARCH_USER_PATHS = NO;
				CLANG_ANALYZER_NONNULL = YES;
				CLANG_CXX_LANGUAGE_STANDARD = "gnu++0x";
				CLANG_CXX_LIBRARY = "libc++";
				CLANG_ENABLE_MODULES = YES;
				CLANG_ENABLE_OBJC_ARC = YES;
				CLANG_WARN_BOOL_CONVERSION = YES;
				CLANG_WARN_CONSTANT_CONVERSION = YES;
				CLANG_WARN_DIRECT_OBJC_ISA_USAGE = YES_ERROR;
				CLANG_WARN_EMPTY_BODY = YES;
				CLANG_WARN_ENUM_CONVERSION = YES;
				CLANG_WARN_INT_CONVERSION = YES;
				CLANG_WARN_OBJC_ROOT_CLASS = YES_ERROR;
				CLANG_WARN_UNREACHABLE_CODE = YES;
				CLANG_WARN__DUPLICATE_METHOD_MATCH = YES;
				"CODE_SIGN_IDENTITY[sdk=iphoneos*]" = "iPhone Developer";
				COPY_PHASE_STRIP = NO;
				DEBUG_INFORMATION_FORMAT = dwarf;
				ENABLE_STRICT_OBJC_MSGSEND = YES;
				ENABLE_TESTABILITY = YES;
				GCC_C_LANGUAGE_STANDARD = gnu99;
				GCC_DYNAMIC_NO_PIC = NO;
				GCC_NO_COMMON_BLOCKS = YES;
				GCC_OPTIMIZATION_LEVEL = 0;
				GCC_PREPROCESSOR_DEFINITIONS = (
					"DEBUG=1",
					"$(inherited)",
				);
				GCC_WARN_64_TO_32_BIT_CONVERSION = YES;
				GCC_WARN_ABOUT_RETURN_TYPE = YES_ERROR;
				GCC_WARN_UNDECLARED_SELECTOR = YES;
				GCC_WARN_UNINITIALIZED_AUTOS = YES_AGGRESSIVE;
				GCC_WARN_UNUSED_FUNCTION = YES;
				GCC_WARN_UNUSED_VARIABLE = YES;
				IPHONEOS_DEPLOYMENT_TARGET = 9.3;
				MTL_ENABLE_DEBUG_INFO = YES;
				ONLY_ACTIVE_ARCH = YES;
				SDKROOT = iphoneos;
			};
			name = Debug;
		};
		57356CC61CAE015200A37815 /* Release */ = {
			isa = XCBuildConfiguration;
			buildSettings = {
				ALWAYS_SEARCH_USER_PATHS = NO;
				CLANG_ANALYZER_NONNULL = YES;
				CLANG_CXX_LANGUAGE_STANDARD = "gnu++0x";
				CLANG_CXX_LIBRARY = "libc++";
				CLANG_ENABLE_MODULES = YES;
				CLANG_ENABLE_OBJC_ARC = YES;
				CLANG_WARN_BOOL_CONVERSION = YES;
				CLANG_WARN_CONSTANT_CONVERSION = YES;
				CLANG_WARN_DIRECT_OBJC_ISA_USAGE = YES_ERROR;
				CLANG_WARN_EMPTY_BODY = YES;
				CLANG_WARN_ENUM_CONVERSION = YES;
				CLANG_WARN_INT_CONVERSION = YES;
				CLANG_WARN_OBJC_ROOT_CLASS = YES_ERROR;
				CLANG_WARN_UNREACHABLE_CODE = YES;
				CLANG_WARN__DUPLICATE_METHOD_MATCH = YES;
				"CODE_SIGN_IDENTITY[sdk=iphoneos*]" = "iPhone Developer";
				COPY_PHASE_STRIP = NO;
				DEBUG_INFORMATION_FORMAT = "dwarf-with-dsym";
				ENABLE_NS_ASSERTIONS = NO;
				ENABLE_STRICT_OBJC_MSGSEND = YES;
				GCC_C_LANGUAGE_STANDARD = gnu99;
				GCC_NO_COMMON_BLOCKS = YES;
				GCC_WARN_64_TO_32_BIT_CONVERSION = YES;
				GCC_WARN_ABOUT_RETURN_TYPE = YES_ERROR;
				GCC_WARN_UNDECLARED_SELECTOR = YES;
				GCC_WARN_UNINITIALIZED_AUTOS = YES_AGGRESSIVE;
				GCC_WARN_UNUSED_FUNCTION = YES;
				GCC_WARN_UNUSED_VARIABLE = YES;
				IPHONEOS_DEPLOYMENT_TARGET = 9.3;
				MTL_ENABLE_DEBUG_INFO = NO;
				SDKROOT = iphoneos;
				VALIDATE_PRODUCT = YES;
			};
			name = Release;
		};
		57356CC81CAE015200A37815 /* Debug */ = {
			isa = XCBuildConfiguration;
			buildSettings = {
				ASSETCATALOG_COMPILER_APPICON_NAME = AppIcon;
				INFOPLIST_FILE = customPresent/Info.plist;
				LD_RUNPATH_SEARCH_PATHS = "$(inherited) @executable_path/Frameworks";
				PRODUCT_BUNDLE_IDENTIFIER = Kenuo.customPresent;
				PRODUCT_NAME = "$(TARGET_NAME)";
				TARGETED_DEVICE_FAMILY = 1;
			};
			name = Debug;
		};
		57356CC91CAE015200A37815 /* Release */ = {
			isa = XCBuildConfiguration;
			buildSettings = {
				ASSETCATALOG_COMPILER_APPICON_NAME = AppIcon;
				INFOPLIST_FILE = customPresent/Info.plist;
				LD_RUNPATH_SEARCH_PATHS = "$(inherited) @executable_path/Frameworks";
				PRODUCT_BUNDLE_IDENTIFIER = Kenuo.customPresent;
				PRODUCT_NAME = "$(TARGET_NAME)";
				TARGETED_DEVICE_FAMILY = 1;
			};
			name = Release;
		};
		57356CCB1CAE015200A37815 /* Debug */ = {
			isa = XCBuildConfiguration;
			buildSettings = {
				BUNDLE_LOADER = "$(TEST_HOST)";
				INFOPLIST_FILE = customPresentTests/Info.plist;
				LD_RUNPATH_SEARCH_PATHS = "$(inherited) @executable_path/Frameworks @loader_path/Frameworks";
				PRODUCT_BUNDLE_IDENTIFIER = Kenuo.customPresentTests;
				PRODUCT_NAME = "$(TARGET_NAME)";
				TEST_HOST = "$(BUILT_PRODUCTS_DIR)/customPresent.app/customPresent";
			};
			name = Debug;
		};
		57356CCC1CAE015200A37815 /* Release */ = {
			isa = XCBuildConfiguration;
			buildSettings = {
				BUNDLE_LOADER = "$(TEST_HOST)";
				INFOPLIST_FILE = customPresentTests/Info.plist;
				LD_RUNPATH_SEARCH_PATHS = "$(inherited) @executable_path/Frameworks @loader_path/Frameworks";
				PRODUCT_BUNDLE_IDENTIFIER = Kenuo.customPresentTests;
				PRODUCT_NAME = "$(TARGET_NAME)";
				TEST_HOST = "$(BUILT_PRODUCTS_DIR)/customPresent.app/customPresent";
			};
			name = Release;
		};
/* End XCBuildConfiguration section */

/* Begin XCConfigurationList section */
		57356CA01CAE015100A37815 /* Build configuration list for PBXProject "customPresent" */ = {
			isa = XCConfigurationList;
			buildConfigurations = (
				57356CC51CAE015200A37815 /* Debug */,
				57356CC61CAE015200A37815 /* Release */,
			);
			defaultConfigurationIsVisible = 0;
			defaultConfigurationName = Release;
		};
		57356CC71CAE015200A37815 /* Build configuration list for PBXNativeTarget "customPresent" */ = {
			isa = XCConfigurationList;
			buildConfigurations = (
				57356CC81CAE015200A37815 /* Debug */,
				57356CC91CAE015200A37815 /* Release */,
			);
			defaultConfigurationIsVisible = 0;
		};
		57356CCA1CAE015200A37815 /* Build configuration list for PBXNativeTarget "customPresentTests" */ = {
			isa = XCConfigurationList;
			buildConfigurations = (
				57356CCB1CAE015200A37815 /* Debug */,
				57356CCC1CAE015200A37815 /* Release */,
			);
			defaultConfigurationIsVisible = 0;
		};
/* End XCConfigurationList section */
	};
	rootObject = 57356C9D1CAE015100A37815 /* Project object */;
}
